
Microsoft Visual Studio Solution File, Format Version 12.00
# Visual Studio Version 16
VisualStudioVersion = 16.0.30413.136
MinimumVisualStudioVersion = 10.0.40219.1
Project("{8BC9CEB8-8B4A-11D0-8D11-00A0C91BC942}") = "Tutor01-OpenWindow", "01-OpenWindow\01-OpenWindow.vcxproj", "{8621F6DD-2855-4C9F-814C-31A03FA1DA4C}"
EndProject
Project("{8BC9CEB8-8B4A-11D0-8D11-00A0C91BC942}") = "Tutor02-SimpleRasterShader", "02-SimpleRasterShader\02-SimpleRasterShader.vcxproj", "{460AD0E7-C8DA-48BF-8FEE-E1F32806737F}"
EndProject
Project("{8BC9CEB8-8B4A-11D0-8D11-00A0C91BC942}") = "Tutor03-RasterGBuffer", "03-RasterGBuffer\03-RasterGBuffer.vcxproj", "{B5FC91A3-D9F6-469E-AE0A-898CACCFB30C}"
EndProject
Project("{8BC9CEB8-8B4A-11D0-8D11-00A0C91BC942}") = "Tutor04-RayTracedGBuffer", "04-RayTracedGBuffer\04-RayTracedGBuffer.vcxproj", "{23108FDE-E515-498D-BDC7-BD3E54010187}"
EndProject
Project("{8BC9CEB8-8B4A-11D0-8D11-00A0C91BC942}") = "Falcor", "Falcor\Framework\Source\Falcor.vcxproj", "{3B602F0E-3834-4F73-B97D-7DFC91597A98}"
EndProject
Project("{8BC9CEB8-8B4A-11D0-8D11-00A0C91BC942}") = "FalcorSharedObjects", "Falcor\Framework\FalcorSharedObjects\FalcorSharedObjects.vcxproj", "{2C535635-E4C5-4098-A928-574F0E7CD5F9}"
EndProject
Project("{8BC9CEB8-8B4A-11D0-8D11-00A0C91BC942}") = "Tutor11-OneShadowRayPerPixel", "11-OneShadowRayPerPixel\11-OneShadowRayPerPixel.vcxproj", "{D04DA011-0F3F-459E-8B18-41180F9ACCAD}"
EndProject
Global
	GlobalSection(SolutionConfigurationPlatforms) = preSolution
		Debug|x64 = Debug|x64
		Debug|x86 = Debug|x86
		DebugD3D12|x64 = DebugD3D12|x64
		DebugD3D12|x86 = DebugD3D12|x86
		Release|x64 = Release|x64
		Release|x86 = Release|x86
		ReleaseD3D12|x64 = ReleaseD3D12|x64
		ReleaseD3D12|x86 = ReleaseD3D12|x86
	EndGlobalSection
	GlobalSection(ProjectConfigurationPlatforms) = postSolution
		{8621F6DD-2855-4C9F-814C-31A03FA1DA4C}.Debug|x64.ActiveCfg = Debug|x64
		{8621F6DD-2855-4C9F-814C-31A03FA1DA4C}.Debug|x64.Build.0 = Debug|x64
		{8621F6DD-2855-4C9F-814C-31A03FA1DA4C}.Debug|x86.ActiveCfg = Debug|x64
		{8621F6DD-2855-4C9F-814C-31A03FA1DA4C}.DebugD3D12|x64.ActiveCfg = Debug|x64
		{8621F6DD-2855-4C9F-814C-31A03FA1DA4C}.DebugD3D12|x64.Build.0 = Debug|x64
		{8621F6DD-2855-4C9F-814C-31A03FA1DA4C}.DebugD3D12|x86.ActiveCfg = Release|x64
		{8621F6DD-2855-4C9F-814C-31A03FA1DA4C}.DebugD3D12|x86.Build.0 = Release|x64
		{8621F6DD-2855-4C9F-814C-31A03FA1DA4C}.Release|x64.ActiveCfg = Release|x64
		{8621F6DD-2855-4C9F-814C-31A03FA1DA4C}.Release|x64.Build.0 = Release|x64
		{8621F6DD-2855-4C9F-814C-31A03FA1DA4C}.Release|x86.ActiveCfg = Release|x64
		{8621F6DD-2855-4C9F-814C-31A03FA1DA4C}.ReleaseD3D12|x64.ActiveCfg = Release|x64
		{8621F6DD-2855-4C9F-814C-31A03FA1DA4C}.ReleaseD3D12|x64.Build.0 = Release|x64
		{8621F6DD-2855-4C9F-814C-31A03FA1DA4C}.ReleaseD3D12|x86.ActiveCfg = Release|x64
		{8621F6DD-2855-4C9F-814C-31A03FA1DA4C}.ReleaseD3D12|x86.Build.0 = Release|x64
		{460AD0E7-C8DA-48BF-8FEE-E1F32806737F}.Debug|x64.ActiveCfg = Debug|x64
		{460AD0E7-C8DA-48BF-8FEE-E1F32806737F}.Debug|x64.Build.0 = Debug|x64
		{460AD0E7-C8DA-48BF-8FEE-E1F32806737F}.Debug|x86.ActiveCfg = Debug|x64
		{460AD0E7-C8DA-48BF-8FEE-E1F32806737F}.DebugD3D12|x64.ActiveCfg = Debug|x64
		{460AD0E7-C8DA-48BF-8FEE-E1F32806737F}.DebugD3D12|x64.Build.0 = Debug|x64
		{460AD0E7-C8DA-48BF-8FEE-E1F32806737F}.DebugD3D12|x64.Deploy.0 = Debug|x64
		{460AD0E7-C8DA-48BF-8FEE-E1F32806737F}.DebugD3D12|x86.ActiveCfg = Release|x64
		{460AD0E7-C8DA-48BF-8FEE-E1F32806737F}.DebugD3D12|x86.Build.0 = Release|x64
		{460AD0E7-C8DA-48BF-8FEE-E1F32806737F}.DebugD3D12|x86.Deploy.0 = Release|x64
		{460AD0E7-C8DA-48BF-8FEE-E1F32806737F}.Release|x64.ActiveCfg = Release|x64
		{460AD0E7-C8DA-48BF-8FEE-E1F32806737F}.Release|x64.Build.0 = Release|x64
		{460AD0E7-C8DA-48BF-8FEE-E1F32806737F}.Release|x86.ActiveCfg = Release|x64
		{460AD0E7-C8DA-48BF-8FEE-E1F32806737F}.ReleaseD3D12|x64.ActiveCfg = Release|x64
		{460AD0E7-C8DA-48BF-8FEE-E1F32806737F}.ReleaseD3D12|x64.Build.0 = Release|x64
		{460AD0E7-C8DA-48BF-8FEE-E1F32806737F}.ReleaseD3D12|x64.Deploy.0 = Release|x64
		{460AD0E7-C8DA-48BF-8FEE-E1F32806737F}.ReleaseD3D12|x86.ActiveCfg = Release|x64
		{460AD0E7-C8DA-48BF-8FEE-E1F32806737F}.ReleaseD3D12|x86.Build.0 = Release|x64
		{460AD0E7-C8DA-48BF-8FEE-E1F32806737F}.ReleaseD3D12|x86.Deploy.0 = Release|x64
		{B5FC91A3-D9F6-469E-AE0A-898CACCFB30C}.Debug|x64.ActiveCfg = Debug|x64
		{B5FC91A3-D9F6-469E-AE0A-898CACCFB30C}.Debug|x64.Build.0 = Debug|x64
		{B5FC91A3-D9F6-469E-AE0A-898CACCFB30C}.Debug|x86.ActiveCfg = Debug|x64
		{B5FC91A3-D9F6-469E-AE0A-898CACCFB30C}.DebugD3D12|x64.ActiveCfg = Debug|x64
		{B5FC91A3-D9F6-469E-AE0A-898CACCFB30C}.DebugD3D12|x64.Build.0 = Debug|x64
		{B5FC91A3-D9F6-469E-AE0A-898CACCFB30C}.DebugD3D12|x64.Deploy.0 = Debug|x64
		{B5FC91A3-D9F6-469E-AE0A-898CACCFB30C}.DebugD3D12|x86.ActiveCfg = Release|x64
		{B5FC91A3-D9F6-469E-AE0A-898CACCFB30C}.DebugD3D12|x86.Build.0 = Release|x64
		{B5FC91A3-D9F6-469E-AE0A-898CACCFB30C}.DebugD3D12|x86.Deploy.0 = Release|x64
		{B5FC91A3-D9F6-469E-AE0A-898CACCFB30C}.Release|x64.ActiveCfg = Release|x64
		{B5FC91A3-D9F6-469E-AE0A-898CACCFB30C}.Release|x64.Build.0 = Release|x64
		{B5FC91A3-D9F6-469E-AE0A-898CACCFB30C}.Release|x86.ActiveCfg = Release|x64
		{B5FC91A3-D9F6-469E-AE0A-898CACCFB30C}.ReleaseD3D12|x64.ActiveCfg = Release|x64
		{B5FC91A3-D9F6-469E-AE0A-898CACCFB30C}.ReleaseD3D12|x64.Build.0 = Release|x64
		{B5FC91A3-D9F6-469E-AE0A-898CACCFB30C}.ReleaseD3D12|x64.Deploy.0 = Release|x64
		{B5FC91A3-D9F6-469E-AE0A-898CACCFB30C}.ReleaseD3D12|x86.ActiveCfg = Release|x64
		{B5FC91A3-D9F6-469E-AE0A-898CACCFB30C}.ReleaseD3D12|x86.Build.0 = Release|x64
		{B5FC91A3-D9F6-469E-AE0A-898CACCFB30C}.ReleaseD3D12|x86.Deploy.0 = Release|x64
		{23108FDE-E515-498D-BDC7-BD3E54010187}.Debug|x64.ActiveCfg = Debug|x64
		{23108FDE-E515-498D-BDC7-BD3E54010187}.Debug|x64.Build.0 = Debug|x64
		{23108FDE-E515-498D-BDC7-BD3E54010187}.Debug|x86.ActiveCfg = Debug|x64
		{23108FDE-E515-498D-BDC7-BD3E54010187}.DebugD3D12|x64.ActiveCfg = Debug|x64
		{23108FDE-E515-498D-BDC7-BD3E54010187}.DebugD3D12|x64.Build.0 = Debug|x64
		{23108FDE-E515-498D-BDC7-BD3E54010187}.DebugD3D12|x64.Deploy.0 = Debug|x64
		{23108FDE-E515-498D-BDC7-BD3E54010187}.DebugD3D12|x86.ActiveCfg = Release|x64
		{23108FDE-E515-498D-BDC7-BD3E54010187}.DebugD3D12|x86.Build.0 = Release|x64
		{23108FDE-E515-498D-BDC7-BD3E54010187}.DebugD3D12|x86.Deploy.0 = Release|x64
		{23108FDE-E515-498D-BDC7-BD3E54010187}.Release|x64.ActiveCfg = Release|x64
		{23108FDE-E515-498D-BDC7-BD3E54010187}.Release|x64.Build.0 = Release|x64
		{23108FDE-E515-498D-BDC7-BD3E54010187}.Release|x86.ActiveCfg = Release|x64
		{23108FDE-E515-498D-BDC7-BD3E54010187}.ReleaseD3D12|x64.ActiveCfg = Release|x64
		{23108FDE-E515-498D-BDC7-BD3E54010187}.ReleaseD3D12|x64.Build.0 = Release|x64
		{23108FDE-E515-498D-BDC7-BD3E54010187}.ReleaseD3D12|x64.Deploy.0 = Release|x64
		{23108FDE-E515-498D-BDC7-BD3E54010187}.ReleaseD3D12|x86.ActiveCfg = Release|x64
		{23108FDE-E515-498D-BDC7-BD3E54010187}.ReleaseD3D12|x86.Build.0 = Release|x64
		{23108FDE-E515-498D-BDC7-BD3E54010187}.ReleaseD3D12|x86.Deploy.0 = Release|x64
		{3B602F0E-3834-4F73-B97D-7DFC91597A98}.Debug|x64.ActiveCfg = DebugVK|x64
		{3B602F0E-3834-4F73-B97D-7DFC91597A98}.Debug|x64.Build.0 = DebugVK|x64
		{3B602F0E-3834-4F73-B97D-7DFC91597A98}.Debug|x86.ActiveCfg = ReleaseVK|x64
		{3B602F0E-3834-4F73-B97D-7DFC91597A98}.Debug|x86.Build.0 = ReleaseVK|x64
		{3B602F0E-3834-4F73-B97D-7DFC91597A98}.DebugD3D12|x64.ActiveCfg = DebugD3D12|x64
		{3B602F0E-3834-4F73-B97D-7DFC91597A98}.DebugD3D12|x64.Build.0 = DebugD3D12|x64
		{3B602F0E-3834-4F73-B97D-7DFC91597A98}.DebugD3D12|x86.ActiveCfg = DebugD3D12|x64
		{3B602F0E-3834-4F73-B97D-7DFC91597A98}.Release|x64.ActiveCfg = ReleaseVK|x64
		{3B602F0E-3834-4F73-B97D-7DFC91597A98}.Release|x64.Build.0 = ReleaseVK|x64
		{3B602F0E-3834-4F73-B97D-7DFC91597A98}.Release|x86.ActiveCfg = ReleaseVK|x64
		{3B602F0E-3834-4F73-B97D-7DFC91597A98}.Release|x86.Build.0 = ReleaseVK|x64
		{3B602F0E-3834-4F73-B97D-7DFC91597A98}.ReleaseD3D12|x64.ActiveCfg = ReleaseD3D12|x64
		{3B602F0E-3834-4F73-B97D-7DFC91597A98}.ReleaseD3D12|x64.Build.0 = ReleaseD3D12|x64
		{3B602F0E-3834-4F73-B97D-7DFC91597A98}.ReleaseD3D12|x86.ActiveCfg = ReleaseD3D12|x64
		{2C535635-E4C5-4098-A928-574F0E7CD5F9}.Debug|x64.ActiveCfg = DebugVK|x64
		{2C535635-E4C5-4098-A928-574F0E7CD5F9}.Debug|x64.Build.0 = DebugVK|x64
		{2C535635-E4C5-4098-A928-574F0E7CD5F9}.Debug|x86.ActiveCfg = ReleaseVK|x64
		{2C535635-E4C5-4098-A928-574F0E7CD5F9}.Debug|x86.Build.0 = ReleaseVK|x64
		{2C535635-E4C5-4098-A928-574F0E7CD5F9}.DebugD3D12|x64.ActiveCfg = DebugD3D12|x64
		{2C535635-E4C5-4098-A928-574F0E7CD5F9}.DebugD3D12|x64.Build.0 = DebugD3D12|x64
		{2C535635-E4C5-4098-A928-574F0E7CD5F9}.DebugD3D12|x86.ActiveCfg = DebugD3D12|x64
		{2C535635-E4C5-4098-A928-574F0E7CD5F9}.Release|x64.ActiveCfg = ReleaseVK|x64
		{2C535635-E4C5-4098-A928-574F0E7CD5F9}.Release|x64.Build.0 = ReleaseVK|x64
		{2C535635-E4C5-4098-A928-574F0E7CD5F9}.Release|x86.ActiveCfg = ReleaseVK|x64
		{2C535635-E4C5-4098-A928-574F0E7CD5F9}.Release|x86.Build.0 = ReleaseVK|x64
		{2C535635-E4C5-4098-A928-574F0E7CD5F9}.ReleaseD3D12|x64.ActiveCfg = ReleaseD3D12|x64
		{2C535635-E4C5-4098-A928-574F0E7CD5F9}.ReleaseD3D12|x64.Build.0 = ReleaseD3D12|x64
		{2C535635-E4C5-4098-A928-574F0E7CD5F9}.ReleaseD3D12|x86.ActiveCfg = ReleaseD3D12|x64
		{D04DA011-0F3F-459E-8B18-41180F9ACCAD}.Debug|x64.ActiveCfg = Debug|x64
		{D04DA011-0F3F-459E-8B18-41180F9ACCAD}.Debug|x64.Build.0 = Debug|x64
		{D04DA011-0F3F-459E-8B18-41180F9ACCAD}.Debug|x86.ActiveCfg = Debug|x64
		{D04DA011-0F3F-459E-8B18-41180F9ACCAD}.DebugD3D12|x64.ActiveCfg = Debug|x64
		{D04DA011-0F3F-459E-8B18-41180F9ACCAD}.DebugD3D12|x64.Build.0 = Debug|x64
		{D04DA011-0F3F-459E-8B18-41180F9ACCAD}.DebugD3D12|x86.ActiveCfg = Release|x64
		{D04DA011-0F3F-459E-8B18-41180F9ACCAD}.DebugD3D12|x86.Build.0 = Release|x64
		{D04DA011-0F3F-459E-8B18-41180F9ACCAD}.Release|x64.ActiveCfg = Release|x64
		{D04DA011-0F3F-459E-8B18-41180F9ACCAD}.Release|x64.Build.0 = Release|x64
		{D04DA011-0F3F-459E-8B18-41180F9ACCAD}.Release|x86.ActiveCfg = Release|x64
		{D04DA011-0F3F-459E-8B18-41180F9ACCAD}.ReleaseD3D12|x64.ActiveCfg = Release|x64
		{D04DA011-0F3F-459E-8B18-41180F9ACCAD}.ReleaseD3D12|x64.Build.0 = Release|x64
		{D04DA011-0F3F-459E-8B18-41180F9ACCAD}.ReleaseD3D12|x86.ActiveCfg = Release|x64
		{D04DA011-0F3F-459E-8B18-41180F9ACCAD}.ReleaseD3D12|x86.Build.0 = Release|x64
	EndGlobalSection
	GlobalSection(SolutionProperties) = preSolution
		HideSolutionNode = FALSE
	EndGlobalSection
	GlobalSection(ExtensibilityGlobals) = postSolution
		SolutionGuid = {29E82627-C81F-4CBD-829E-88D3F17EB83D}
	EndGlobalSection
EndGlobal
